
Microsoft Visual Studio Solution File, Format Version 12.00
# Visual Studio Version 16
VisualStudioVersion = 16.0.29418.71
MinimumVisualStudioVersion = 10.0.40219.1
Project("{9A19103F-16F7-4668-BE54-9A1E7A4F7556}") = "CoolParking.BL", "CoolParking.BL\CoolParking.BL.csproj", "{33249E94-C643-425E-8DBE-9869A6334638}"
EndProject
Project("{9A19103F-16F7-4668-BE54-9A1E7A4F7556}") = "CoolParking.BL.Tests", "CoolParking.BL.Tests\CoolParking.BL.Tests.csproj", "{0DBA95BF-14F2-4E07-9784-168BC5BC515A}"
EndProject
Project("{9A19103F-16F7-4668-BE54-9A1E7A4F7556}") = "CoolParking.BL.Menu", "CoolParking.BL.Menu\CoolParking.BL.Menu.csproj", "{1DABD965-CB14-4BE8-A6CF-02BEEBD2F983}"
EndProject
Project("{9A19103F-16F7-4668-BE54-9A1E7A4F7556}") = "CoolParking.WebAPI", "CoolParking.WebAPI\CoolParking.WebAPI.csproj", "{C15D37E4-17FE-40D3-9359-C16E40805C7E}"
EndProject
Project("{9A19103F-16F7-4668-BE54-9A1E7A4F7556}") = "CoolParking.WebAPI.ClientHttp", "CoolParking.WebAPI.HttpClient\CoolParking.WebAPI.ClientHttp.csproj", "{D5E41C4E-7CF5-43A4-9192-4B191E9B4C12}"
EndProject
Global
	GlobalSection(SolutionConfigurationPlatforms) = preSolution
		Debug|Any CPU = Debug|Any CPU
		Release|Any CPU = Release|Any CPU
	EndGlobalSection
	GlobalSection(ProjectConfigurationPlatforms) = postSolution
		{33249E94-C643-425E-8DBE-9869A6334638}.Debug|Any CPU.ActiveCfg = Debug|Any CPU
		{33249E94-C643-425E-8DBE-9869A6334638}.Debug|Any CPU.Build.0 = Debug|Any CPU
		{33249E94-C643-425E-8DBE-9869A6334638}.Release|Any CPU.ActiveCfg = Release|Any CPU
		{33249E94-C643-425E-8DBE-9869A6334638}.Release|Any CPU.Build.0 = Release|Any CPU
		{0DBA95BF-14F2-4E07-9784-168BC5BC515A}.Debug|Any CPU.ActiveCfg = Debug|Any CPU
		{0DBA95BF-14F2-4E07-9784-168BC5BC515A}.Debug|Any CPU.Build.0 = Debug|Any CPU
		{0DBA95BF-14F2-4E07-9784-168BC5BC515A}.Release|Any CPU.ActiveCfg = Release|Any CPU
		{0DBA95BF-14F2-4E07-9784-168BC5BC515A}.Release|Any CPU.Build.0 = Release|Any CPU
		{1DABD965-CB14-4BE8-A6CF-02BEEBD2F983}.Debug|Any CPU.ActiveCfg = Debug|Any CPU
		{1DABD965-CB14-4BE8-A6CF-02BEEBD2F983}.Debug|Any CPU.Build.0 = Debug|Any CPU
		{1DABD965-CB14-4BE8-A6CF-02BEEBD2F983}.Release|Any CPU.ActiveCfg = Release|Any CPU
		{1DABD965-CB14-4BE8-A6CF-02BEEBD2F983}.Release|Any CPU.Build.0 = Release|Any CPU
		{C15D37E4-17FE-40D3-9359-C16E40805C7E}.Debug|Any CPU.ActiveCfg = Debug|Any CPU
		{C15D37E4-17FE-40D3-9359-C16E40805C7E}.Debug|Any CPU.Build.0 = Debug|Any CPU
		{C15D37E4-17FE-40D3-9359-C16E40805C7E}.Release|Any CPU.ActiveCfg = Release|Any CPU
		{C15D37E4-17FE-40D3-9359-C16E40805C7E}.Release|Any CPU.Build.0 = Release|Any CPU
		{D5E41C4E-7CF5-43A4-9192-4B191E9B4C12}.Debug|Any CPU.ActiveCfg = Debug|Any CPU
		{D5E41C4E-7CF5-43A4-9192-4B191E9B4C12}.Debug|Any CPU.Build.0 = Debug|Any CPU
		{D5E41C4E-7CF5-43A4-9192-4B191E9B4C12}.Release|Any CPU.ActiveCfg = Release|Any CPU
		{D5E41C4E-7CF5-43A4-9192-4B191E9B4C12}.Release|Any CPU.Build.0 = Release|Any CPU
	EndGlobalSection
	GlobalSection(SolutionProperties) = preSolution
		HideSolutionNode = FALSE
	EndGlobalSection
	GlobalSection(ExtensibilityGlobals) = postSolution
		SolutionGuid = {36C90DEA-B0CD-42A6-B795-B0AE9E421041}
	EndGlobalSection
EndGlobal
